payload:
- DOMAIN-SUFFIX,steampowered.com
- DOMAIN-SUFFIX,steamcommunity.com
- DOMAIN-SUFFIX,steamstatic.com
- DOMAIN-SUFFIX,steamcdn-a.akamaihd.net
- DOMAIN-SUFFIX,steamcontent.com
- DOMAIN-SUFFIX,steamserver.net
- DOMAIN-SUFFIX,valvesoftware.com
- DOMAIN-SUFFIX,epicgames.com
- DOMAIN-SUFFIX,epicgames.dev
- DOMAIN-SUFFIX,epicgamescdn.com
- DOMAIN-SUFFIX,unrealengine.com
- DOMAIN-SUFFIX,fortnite.com
- DOMAIN-SUFFIX,riotgames.com
- DOMAIN-SUFFIX,riotcdn.net
- DOMAIN-SUFFIX,valorant.com
- DOMAIN-SUFFIX,leagueoflegends.com
- DOMAIN-SUFFIX,lolesports.com
- DOMAIN-SUFFIX,leagueofgraphs.com
- DOMAIN-SUFFIX,pvp.net
- DOMAIN-SUFFIX,lolstatic.com
- DOMAIN-SUFFIX,garena.com
- DOMAIN-SUFFIX,garenanow.com
- DOMAIN-SUFFIX,freefiremobile.com
- DOMAIN-SUFFIX,ff.garena.com
- DOMAIN-SUFFIX,moonton.com
- DOMAIN-SUFFIX,mobilelegends.com
- DOMAIN-SUFFIX,mobilelegends.com.cn
- DOMAIN-SUFFIX,youngjoygame.com
- DOMAIN-SUFFIX,tencentgames.com
- DOMAIN-SUFFIX,pubg.com
- DOMAIN-SUFFIX,pubgmobile.com
- DOMAIN-SUFFIX,levelinfinite.com
- DOMAIN-SUFFIX,proximabeta.com
- DOMAIN-SUFFIX,igamecj.com
- DOMAIN-SUFFIX,game.qq.com
- DOMAIN-SUFFIX,roblox.com
- DOMAIN-SUFFIX,rbxcdn.com
- DOMAIN-SUFFIX,robloxlabs.com
- DOMAIN-SUFFIX,minecraft.net
- DOMAIN-SUFFIX,mojang.com
- DOMAIN-SUFFIX,mojang.net
- DOMAIN-SUFFIX,xboxlive.com
- DOMAIN-SUFFIX,xboxservices.com
- DOMAIN-SUFFIX,xbox.com
- DOMAIN-SUFFIX,playstation.com
- DOMAIN-SUFFIX,playstation.net
- DOMAIN-SUFFIX,sonyentertainmentnetwork.com
- DOMAIN-SUFFIX,nintendo.com
- DOMAIN-SUFFIX,nintendo.net
- DOMAIN-SUFFIX,nintendowifi.net
- DOMAIN-SUFFIX,ea.com
- DOMAIN-SUFFIX,easports.com
- DOMAIN-SUFFIX,origin.com
- DOMAIN-SUFFIX,ubisoft.com
- DOMAIN-SUFFIX,ubi.com
- DOMAIN-SUFFIX,ubisoftconnect.com
- DOMAIN-SUFFIX,rockstargames.com
- DOMAIN-SUFFIX,socialclub.rockstargames.com
- DOMAIN-SUFFIX,activision.com
- DOMAIN-SUFFIX,callofduty.com
- DOMAIN-SUFFIX,callofwar.com
- DOMAIN-SUFFIX,battle.net
- DOMAIN-SUFFIX,blizzard.com
- DOMAIN-SUFFIX,blizzardgames.cn
- DOMAIN-SUFFIX,hoyoverse.com
- DOMAIN-SUFFIX,hoyolab.com
- DOMAIN-SUFFIX,mihoyo.com
- DOMAIN-SUFFIX,mihoyo.com.cn
- DOMAIN-SUFFIX,gateway-mihoyo.akamaized.net
- DOMAIN-SUFFIX,genshinimpact.com
- DOMAIN-SUFFIX,honkaiimpact3.com
- DOMAIN-SUFFIX,honkaistarrail.com
- DOMAIN-SUFFIX,zenlesszonezero.com
- DOMAIN-SUFFIX,wargaming.net
- DOMAIN-SUFFIX,worldoftanks.com
- DOMAIN-SUFFIX,warframe.com
- DOMAIN-SUFFIX,warframe.net
- DOMAIN-SUFFIX,gaijin.net
- DOMAIN-SUFFIX,warthunder.com
- DOMAIN-SUFFIX,nianticlabs.com
- DOMAIN-SUFFIX,pokemongolive.com
- DOMAIN-SUFFIX,humblebundle.com
- DOMAIN-SUFFIX,gog.com
- DOMAIN-SUFFIX,gog-statics.com
- DOMAIN-SUFFIX,itch.io
- DOMAIN-SUFFIX,itch.zone
- DOMAIN-SUFFIX,geforcenow.com
- DOMAIN-SUFFIX,nvidia.com
- DOMAIN-SUFFIX,stadia.google.com
- DOMAIN-SUFFIX,play.geforcenow.com
- DOMAIN-SUFFIX,xboxcloudgaming.com
- DOMAIN-SUFFIX,poki.com
- DOMAIN-SUFFIX,crazygames.com
- DOMAIN-SUFFIX,y8.com
- DOMAIN-SUFFIX,miniclip.com
- DOMAIN-SUFFIX,addictinggames.com
- DOMAIN-SUFFIX,kongregate.com
- DOMAIN-SUFFIX,armorgames.com
- DOMAIN-SUFFIX,newgrounds.com
- DOMAIN-SUFFIX,friv.com
- DOMAIN-SUFFIX,agame.com
- DOMAIN-SUFFIX,silvergames.com
- DOMAIN-SUFFIX,coolmathgames.com
- DOMAIN-SUFFIX,mathplayground.com
- DOMAIN-SUFFIX,lagged.com
- DOMAIN-SUFFIX,now.gg
- DOMAIN-SUFFIX,gamedistribution.com
- DOMAIN-SUFFIX,gamepix.com
- DOMAIN-SUFFIX,html5games.com
- DOMAIN-SUFFIX,1001games.com
- DOMAIN-SUFFIX,onlinegames.io
- DOMAIN-SUFFIX,twoplayergames.org
- DOMAIN-SUFFIX,playhop.com
- DOMAIN-SUFFIX,modrinth.com
- DOMAIN-SUFFIX,curseforge.com
- DOMAIN-SUFFIX,planetminecraft.com
- DOMAIN-SUFFIX,op.gg
- DOMAIN-SUFFIX,u.gg
- DOMAIN-SUFFIX,mobalytics.gg
